
Microsoft Visual Studio Solution File, Format Version 12.00
# Visual Studio 15
VisualStudioVersion = 15.0.27428.2043
MinimumVisualStudioVersion = 10.0.40219.1
Project("{FAE04EC0-301F-11D3-BF4B-00C04F79EFBC}") = "CapaDiseñoDiego", "prueba444\CapaDiseñoDiego.csproj", "{070E597B-69BA-438C-B97C-4A4FB201BF3C}"
EndProject
Project("{FAE04EC0-301F-11D3-BF4B-00C04F79EFBC}") = "CapaDatosDiego", "CapaDatosDiego\CapaDatosDiego.csproj", "{EC955032-740D-4C47-9BF3-02181EB55EDE}"
EndProject
Project("{FAE04EC0-301F-11D3-BF4B-00C04F79EFBC}") = "CapaLogicaDiego", "CapaLogicaDiego\CapaLogicaDiego.csproj", "{7AFDB7F0-1F0B-4CDB-85ED-EC9A488CBD58}"
EndProject
Global
	GlobalSection(SolutionConfigurationPlatforms) = preSolution
		Debug|Any CPU = Debug|Any CPU
		Release|Any CPU = Release|Any CPU
	EndGlobalSection
	GlobalSection(ProjectConfigurationPlatforms) = postSolution
		{070E597B-69BA-438C-B97C-4A4FB201BF3C}.Debug|Any CPU.ActiveCfg = Debug|Any CPU
		{070E597B-69BA-438C-B97C-4A4FB201BF3C}.Debug|Any CPU.Build.0 = Debug|Any CPU
		{070E597B-69BA-438C-B97C-4A4FB201BF3C}.Release|Any CPU.ActiveCfg = Release|Any CPU
		{070E597B-69BA-438C-B97C-4A4FB201BF3C}.Release|Any CPU.Build.0 = Release|Any CPU
		{EC955032-740D-4C47-9BF3-02181EB55EDE}.Debug|Any CPU.ActiveCfg = Debug|Any CPU
		{EC955032-740D-4C47-9BF3-02181EB55EDE}.Debug|Any CPU.Build.0 = Debug|Any CPU
		{EC955032-740D-4C47-9BF3-02181EB55EDE}.Release|Any CPU.ActiveCfg = Release|Any CPU
		{EC955032-740D-4C47-9BF3-02181EB55EDE}.Release|Any CPU.Build.0 = Release|Any CPU
		{7AFDB7F0-1F0B-4CDB-85ED-EC9A488CBD58}.Debug|Any CPU.ActiveCfg = Debug|Any CPU
		{7AFDB7F0-1F0B-4CDB-85ED-EC9A488CBD58}.Debug|Any CPU.Build.0 = Debug|Any CPU
		{7AFDB7F0-1F0B-4CDB-85ED-EC9A488CBD58}.Release|Any CPU.ActiveCfg = Release|Any CPU
		{7AFDB7F0-1F0B-4CDB-85ED-EC9A488CBD58}.Release|Any CPU.Build.0 = Release|Any CPU
	EndGlobalSection
	GlobalSection(SolutionProperties) = preSolution
		HideSolutionNode = FALSE
	EndGlobalSection
	GlobalSection(ExtensibilityGlobals) = postSolution
		SolutionGuid = {42153063-2241-45BD-9861-94AFAB317A63}
	EndGlobalSection
EndGlobal
