
Microsoft Visual Studio Solution File, Format Version 12.00
# Visual Studio 15
VisualStudioVersion = 15.0.28010.2036
MinimumVisualStudioVersion = 10.0.40219.1
Project("{FAE04EC0-301F-11D3-BF4B-00C04F79EFBC}") = "ProtBancosErvinRoca", "ProtBancosErvinRoca\ProtBancosErvinRoca.csproj", "{2DAB23E3-3679-4CBE-9CC7-5469CCEAEEA5}"
EndProject
Global
	GlobalSection(SolutionConfigurationPlatforms) = preSolution
		Debug|Any CPU = Debug|Any CPU
		Release|Any CPU = Release|Any CPU
	EndGlobalSection
	GlobalSection(ProjectConfigurationPlatforms) = postSolution
		{2DAB23E3-3679-4CBE-9CC7-5469CCEAEEA5}.Debug|Any CPU.ActiveCfg = Debug|Any CPU
		{2DAB23E3-3679-4CBE-9CC7-5469CCEAEEA5}.Debug|Any CPU.Build.0 = Debug|Any CPU
		{2DAB23E3-3679-4CBE-9CC7-5469CCEAEEA5}.Release|Any CPU.ActiveCfg = Release|Any CPU
		{2DAB23E3-3679-4CBE-9CC7-5469CCEAEEA5}.Release|Any CPU.Build.0 = Release|Any CPU
	EndGlobalSection
	GlobalSection(SolutionProperties) = preSolution
		HideSolutionNode = FALSE
	EndGlobalSection
	GlobalSection(ExtensibilityGlobals) = postSolution
		SolutionGuid = {699D63E1-79DF-45CD-A35D-8B552BB49A84}
	EndGlobalSection
EndGlobal
