
Microsoft Visual Studio Solution File, Format Version 12.00
# Visual Studio 15
VisualStudioVersion = 15.0.28010.2036
MinimumVisualStudioVersion = 10.0.40219.1
Project("{FAE04EC0-301F-11D3-BF4B-00C04F79EFBC}") = "BancosFinalProt", "BancosFinalProt\BancosFinalProt.csproj", "{47A26C5A-42AA-4286-963E-34D06CFCD337}"
EndProject
Project("{FAE04EC0-301F-11D3-BF4B-00C04F79EFBC}") = "CapaDeDatos", "CapaDeDatos\CapaDeDatos.csproj", "{30514631-ECE0-47DF-872B-740868050EC6}"
EndProject
Global
	GlobalSection(SolutionConfigurationPlatforms) = preSolution
		Debug|Any CPU = Debug|Any CPU
		Release|Any CPU = Release|Any CPU
	EndGlobalSection
	GlobalSection(ProjectConfigurationPlatforms) = postSolution
		{47A26C5A-42AA-4286-963E-34D06CFCD337}.Debug|Any CPU.ActiveCfg = Debug|Any CPU
		{47A26C5A-42AA-4286-963E-34D06CFCD337}.Debug|Any CPU.Build.0 = Debug|Any CPU
		{47A26C5A-42AA-4286-963E-34D06CFCD337}.Release|Any CPU.ActiveCfg = Release|Any CPU
		{47A26C5A-42AA-4286-963E-34D06CFCD337}.Release|Any CPU.Build.0 = Release|Any CPU
		{30514631-ECE0-47DF-872B-740868050EC6}.Debug|Any CPU.ActiveCfg = Debug|Any CPU
		{30514631-ECE0-47DF-872B-740868050EC6}.Debug|Any CPU.Build.0 = Debug|Any CPU
		{30514631-ECE0-47DF-872B-740868050EC6}.Release|Any CPU.ActiveCfg = Release|Any CPU
		{30514631-ECE0-47DF-872B-740868050EC6}.Release|Any CPU.Build.0 = Release|Any CPU
	EndGlobalSection
	GlobalSection(SolutionProperties) = preSolution
		HideSolutionNode = FALSE
	EndGlobalSection
	GlobalSection(ExtensibilityGlobals) = postSolution
		SolutionGuid = {4830049B-7E96-4335-93DA-581D9C81BA83}
	EndGlobalSection
EndGlobal
